// !$*UTF8*$!
{
	archiveVersion = 1;
	classes = {
	};
	objectVersion = 50;
	objects = {

/* Begin PBXBuildFile section */
		1F74259F249E16BE008FA3DC /* AppDelegate.swift in Sources */ = {isa = PBXBuildFile; fileRef = 1F74259E249E16BE008FA3DC /* AppDelegate.swift */; };
		1F7425A1249E16BE008FA3DC /* SceneDelegate.swift in Sources */ = {isa = PBXBuildFile; fileRef = 1F7425A0249E16BE008FA3DC /* SceneDelegate.swift */; };
		1F7425A9249E16BE008FA3DC /* ImageLazyLoading.xcdatamodeld in Sources */ = {isa = PBXBuildFile; fileRef = 1F7425A7249E16BE008FA3DC /* ImageLazyLoading.xcdatamodeld */; };
		1F7425AB249E16C0008FA3DC /* Assets.xcassets in Resources */ = {isa = PBXBuildFile; fileRef = 1F7425AA249E16C0008FA3DC /* Assets.xcassets */; };
		1F7425AE249E16C0008FA3DC /* LaunchScreen.storyboard in Resources */ = {isa = PBXBuildFile; fileRef = 1F7425AC249E16C0008FA3DC /* LaunchScreen.storyboard */; };
		1F7425B9249E16C0008FA3DC /* ImageLazyLoadingTests.swift in Sources */ = {isa = PBXBuildFile; fileRef = 1F7425B8249E16C0008FA3DC /* ImageLazyLoadingTests.swift */; };
		1F7425C8249E1772008FA3DC /* ImageListView.storyboard in Resources */ = {isa = PBXBuildFile; fileRef = 1F7425C7249E1772008FA3DC /* ImageListView.storyboard */; };
		1F7425CA249E1786008FA3DC /* BaseViewController.swift in Sources */ = {isa = PBXBuildFile; fileRef = 1F7425C9249E1786008FA3DC /* BaseViewController.swift */; };
		1F7425D0249E181F008FA3DC /* ImageListViewController.swift in Sources */ = {isa = PBXBuildFile; fileRef = 1F7425CF249E181F008FA3DC /* ImageListViewController.swift */; };
		1F7425D2249E182E008FA3DC /* ImageListView+CollectionView.swift in Sources */ = {isa = PBXBuildFile; fileRef = 1F7425D1249E182E008FA3DC /* ImageListView+CollectionView.swift */; };
		1F7425DB249E18D2008FA3DC /* GlobalEnums.swift in Sources */ = {isa = PBXBuildFile; fileRef = 1F7425DA249E18D2008FA3DC /* GlobalEnums.swift */; };
		1F7425DD249E18DA008FA3DC /* ErrorMessageConstants.swift in Sources */ = {isa = PBXBuildFile; fileRef = 1F7425DC249E18DA008FA3DC /* ErrorMessageConstants.swift */; };
		1F7425DF249E18E2008FA3DC /* CommonErrorContsants.swift in Sources */ = {isa = PBXBuildFile; fileRef = 1F7425DE249E18E2008FA3DC /* CommonErrorContsants.swift */; };
		1F7425E1249E18EB008FA3DC /* CommonConstants.swift in Sources */ = {isa = PBXBuildFile; fileRef = 1F7425E0249E18EB008FA3DC /* CommonConstants.swift */; };
		1F7425E3249E18F3008FA3DC /* CommonMessageContants.swift in Sources */ = {isa = PBXBuildFile; fileRef = 1F7425E2249E18F3008FA3DC /* CommonMessageContants.swift */; };
		1F7425E7249E1901008FA3DC /* UIImageNameConstants.swift in Sources */ = {isa = PBXBuildFile; fileRef = 1F7425E6249E1901008FA3DC /* UIImageNameConstants.swift */; };
		1F7425E9249E1954008FA3DC /* UIViewControllerExtension.swift in Sources */ = {isa = PBXBuildFile; fileRef = 1F7425E8249E1954008FA3DC /* UIViewControllerExtension.swift */; };
		1F7425ED249E2272008FA3DC /* ImageCollectionViewCell.swift in Sources */ = {isa = PBXBuildFile; fileRef = 1F7425EB249E2272008FA3DC /* ImageCollectionViewCell.swift */; };
		1F7425EE249E2272008FA3DC /* ImageCollectionViewCell.xib in Resources */ = {isa = PBXBuildFile; fileRef = 1F7425EC249E2272008FA3DC /* ImageCollectionViewCell.xib */; };
		1F7425F0249E234C008FA3DC /* UICollectionViewExtension.swift in Sources */ = {isa = PBXBuildFile; fileRef = 1F7425EF249E234C008FA3DC /* UICollectionViewExtension.swift */; };
		1F7425F2249E239C008FA3DC /* CommonExtensions.swift in Sources */ = {isa = PBXBuildFile; fileRef = 1F7425F1249E239C008FA3DC /* CommonExtensions.swift */; };
		1F76213F249E3BDE00B92E14 /* LoaderCollectionReusableView.swift in Sources */ = {isa = PBXBuildFile; fileRef = 1F76213E249E3BDE00B92E14 /* LoaderCollectionReusableView.swift */; };
		1F762141249E3C5A00B92E14 /* ImageListViewModel.swift in Sources */ = {isa = PBXBuildFile; fileRef = 1F762140249E3C5A00B92E14 /* ImageListViewModel.swift */; };
		1F762143249E3CA500B92E14 /* ImageListModel.swift in Sources */ = {isa = PBXBuildFile; fileRef = 1F762142249E3CA500B92E14 /* ImageListModel.swift */; };
		1F762145249E3EF000B92E14 /* ImageListViewContants.swift in Sources */ = {isa = PBXBuildFile; fileRef = 1F762144249E3EF000B92E14 /* ImageListViewContants.swift */; };
		1F762148249E3F7E00B92E14 /* ImageListView+SearchBar.swift in Sources */ = {isa = PBXBuildFile; fileRef = 1F762147249E3F7E00B92E14 /* ImageListView+SearchBar.swift */; };
		1F762152249E7E1C00B92E14 /* APIHeader.swift in Sources */ = {isa = PBXBuildFile; fileRef = 1F762151249E7E1C00B92E14 /* APIHeader.swift */; };
		1F762154249E7E2B00B92E14 /* ParametersEncoding.swift in Sources */ = {isa = PBXBuildFile; fileRef = 1F762153249E7E2B00B92E14 /* ParametersEncoding.swift */; };
		1F762156249E7E6D00B92E14 /* ResponseStatusCode.swift in Sources */ = {isa = PBXBuildFile; fileRef = 1F762155249E7E6D00B92E14 /* ResponseStatusCode.swift */; };
		1F762158249E7E7500B92E14 /* HTTPMethod.swift in Sources */ = {isa = PBXBuildFile; fileRef = 1F762157249E7E7500B92E14 /* HTTPMethod.swift */; };
		1F76215A249E7E8000B92E14 /* Task.swift in Sources */ = {isa = PBXBuildFile; fileRef = 1F762159249E7E8000B92E14 /* Task.swift */; };
		1F76215C249E7F2200B92E14 /* DictionaryExtension.swift in Sources */ = {isa = PBXBuildFile; fileRef = 1F76215B249E7F2200B92E14 /* DictionaryExtension.swift */; };
		1F76215F249E802C00B92E14 /* URLRequestExt.swift in Sources */ = {isa = PBXBuildFile; fileRef = 1F76215E249E802C00B92E14 /* URLRequestExt.swift */; };
		1F762161249E803400B92E14 /* URLComponentsExt.swift in Sources */ = {isa = PBXBuildFile; fileRef = 1F762160249E803400B92E14 /* URLComponentsExt.swift */; };
		1F762164249E805D00B92E14 /* ServiceProtocol.swift in Sources */ = {isa = PBXBuildFile; fileRef = 1F762163249E805D00B92E14 /* ServiceProtocol.swift */; };
		1F762166249E80AB00B92E14 /* ServerEndPoint.swift in Sources */ = {isa = PBXBuildFile; fileRef = 1F762165249E80AB00B92E14 /* ServerEndPoint.swift */; };
		1F762168249E81BD00B92E14 /* ProviderProtocol.swift in Sources */ = {isa = PBXBuildFile; fileRef = 1F762167249E81BD00B92E14 /* ProviderProtocol.swift */; };
		1F76216A249E81D400B92E14 /* URLSessionProvider.swift in Sources */ = {isa = PBXBuildFile; fileRef = 1F762169249E81D400B92E14 /* URLSessionProvider.swift */; };
		1F76216E249F197F00B92E14 /* ImageListViewService.swift in Sources */ = {isa = PBXBuildFile; fileRef = 1F76216D249F197F00B92E14 /* ImageListViewService.swift */; };
		1F762170249F1D1800B92E14 /* ImageViewAPIRepository.swift in Sources */ = {isa = PBXBuildFile; fileRef = 1F76216F249F1D1800B92E14 /* ImageViewAPIRepository.swift */; };
		1F762174249F271B00B92E14 /* ImageManager.swift in Sources */ = {isa = PBXBuildFile; fileRef = 1F762173249F271B00B92E14 /* ImageManager.swift */; };
		1F762176249F502700B92E14 /* StringExtension.swift in Sources */ = {isa = PBXBuildFile; fileRef = 1F762175249F502600B92E14 /* StringExtension.swift */; };
		1F762178249F554400B92E14 /* APIKeyConstants.swift in Sources */ = {isa = PBXBuildFile; fileRef = 1F762177249F554400B92E14 /* APIKeyConstants.swift */; };
		1F76217E249F63BA00B92E14 /* AutoSuggestionViewController.swift in Sources */ = {isa = PBXBuildFile; fileRef = 1F76217D249F63BA00B92E14 /* AutoSuggestionViewController.swift */; };
		1F762180249F63D100B92E14 /* AutoSugesstion+TableView.swift in Sources */ = {isa = PBXBuildFile; fileRef = 1F76217F249F63D100B92E14 /* AutoSugesstion+TableView.swift */; };
		1F762183249F648200B92E14 /* AutoSuggestionTableViewCell.swift in Sources */ = {isa = PBXBuildFile; fileRef = 1F762181249F648200B92E14 /* AutoSuggestionTableViewCell.swift */; };
		1F762184249F648200B92E14 /* AutoSuggestionTableViewCell.xib in Resources */ = {isa = PBXBuildFile; fileRef = 1F762182249F648200B92E14 /* AutoSuggestionTableViewCell.xib */; };
		1F762188249F651000B92E14 /* AutoSuggestionViewModel.swift in Sources */ = {isa = PBXBuildFile; fileRef = 1F762187249F651000B92E14 /* AutoSuggestionViewModel.swift */; };
		1F76218A249F657B00B92E14 /* UITableIViewExtension.swift in Sources */ = {isa = PBXBuildFile; fileRef = 1F762189249F657B00B92E14 /* UITableIViewExtension.swift */; };
		1F76218C249F65D200B92E14 /* UITableViewCellExtension.swift in Sources */ = {isa = PBXBuildFile; fileRef = 1F76218B249F65D200B92E14 /* UITableViewCellExtension.swift */; };
		1F76218E249F65E700B92E14 /* UICollectionReusableView.swift in Sources */ = {isa = PBXBuildFile; fileRef = 1F76218D249F65E700B92E14 /* UICollectionReusableView.swift */; };
		1F762191249F68B100B92E14 /* AutoSuggestionModel.swift in Sources */ = {isa = PBXBuildFile; fileRef = 1F762190249F68B100B92E14 /* AutoSuggestionModel.swift */; };
		1F762193249F6FFD00B92E14 /* UserDeaultHandler.swift in Sources */ = {isa = PBXBuildFile; fileRef = 1F762192249F6FFD00B92E14 /* UserDeaultHandler.swift */; };
		1F762198249F898300B92E14 /* CommonNullView.swift in Sources */ = {isa = PBXBuildFile; fileRef = 1F762197249F898300B92E14 /* CommonNullView.swift */; };
		1F76219A249F898D00B92E14 /* CommonNullView.xib in Resources */ = {isa = PBXBuildFile; fileRef = 1F762199249F898D00B92E14 /* CommonNullView.xib */; };
/* End PBXBuildFile section */

/* Begin PBXContainerItemProxy section */
		1F7425B5249E16C0008FA3DC /* PBXContainerItemProxy */ = {
			isa = PBXContainerItemProxy;
			containerPortal = 1F742593249E16BE008FA3DC /* Project object */;
			proxyType = 1;
			remoteGlobalIDString = 1F74259A249E16BE008FA3DC;
			remoteInfo = ImageLazyLoading;
		};
/* End PBXContainerItemProxy section */

/* Begin PBXFileReference section */
		1F74259B249E16BE008FA3DC /* ImageLazyLoading.app */ = {isa = PBXFileReference; explicitFileType = wrapper.application; includeInIndex = 0; path = ImageLazyLoading.app; sourceTree = BUILT_PRODUCTS_DIR; };
		1F74259E249E16BE008FA3DC /* AppDelegate.swift */ = {isa = PBXFileReference; lastKnownFileType = sourcecode.swift; path = AppDelegate.swift; sourceTree = "<group>"; };
		1F7425A0249E16BE008FA3DC /* SceneDelegate.swift */ = {isa = PBXFileReference; lastKnownFileType = sourcecode.swift; path = SceneDelegate.swift; sourceTree = "<group>"; };
		1F7425A8249E16BE008FA3DC /* ImageLazyLoading.xcdatamodel */ = {isa = PBXFileReference; lastKnownFileType = wrapper.xcdatamodel; path = ImageLazyLoading.xcdatamodel; sourceTree = "<group>"; };
		1F7425AA249E16C0008FA3DC /* Assets.xcassets */ = {isa = PBXFileReference; lastKnownFileType = folder.assetcatalog; path = Assets.xcassets; sourceTree = "<group>"; };
		1F7425AD249E16C0008FA3DC /* Base */ = {isa = PBXFileReference; lastKnownFileType = file.storyboard; name = Base; path = Base.lproj/LaunchScreen.storyboard; sourceTree = "<group>"; };
		1F7425AF249E16C0008FA3DC /* Info.plist */ = {isa = PBXFileReference; lastKnownFileType = text.plist.xml; path = Info.plist; sourceTree = "<group>"; };
		1F7425B4249E16C0008FA3DC /* ImageLazyLoadingTests.xctest */ = {isa = PBXFileReference; explicitFileType = wrapper.cfbundle; includeInIndex = 0; path = ImageLazyLoadingTests.xctest; sourceTree = BUILT_PRODUCTS_DIR; };
		1F7425B8249E16C0008FA3DC /* ImageLazyLoadingTests.swift */ = {isa = PBXFileReference; lastKnownFileType = sourcecode.swift; path = ImageLazyLoadingTests.swift; sourceTree = "<group>"; };
		1F7425BA249E16C0008FA3DC /* Info.plist */ = {isa = PBXFileReference; lastKnownFileType = text.plist.xml; path = Info.plist; sourceTree = "<group>"; };
		1F7425C7249E1772008FA3DC /* ImageListView.storyboard */ = {isa = PBXFileReference; lastKnownFileType = file.storyboard; path = ImageListView.storyboard; sourceTree = "<group>"; };
		1F7425C9249E1786008FA3DC /* BaseViewController.swift */ = {isa = PBXFileReference; lastKnownFileType = sourcecode.swift; path = BaseViewController.swift; sourceTree = "<group>"; };
		1F7425CF249E181F008FA3DC /* ImageListViewController.swift */ = {isa = PBXFileReference; lastKnownFileType = sourcecode.swift; path = ImageListViewController.swift; sourceTree = "<group>"; };
		1F7425D1249E182E008FA3DC /* ImageListView+CollectionView.swift */ = {isa = PBXFileReference; lastKnownFileType = sourcecode.swift; path = "ImageListView+CollectionView.swift"; sourceTree = "<group>"; };
		1F7425DA249E18D2008FA3DC /* GlobalEnums.swift */ = {isa = PBXFileReference; lastKnownFileType = sourcecode.swift; path = GlobalEnums.swift; sourceTree = "<group>"; };
		1F7425DC249E18DA008FA3DC /* ErrorMessageConstants.swift */ = {isa = PBXFileReference; lastKnownFileType = sourcecode.swift; path = ErrorMessageConstants.swift; sourceTree = "<group>"; };
		1F7425DE249E18E2008FA3DC /* CommonErrorContsants.swift */ = {isa = PBXFileReference; lastKnownFileType = sourcecode.swift; path = CommonErrorContsants.swift; sourceTree = "<group>"; };
		1F7425E0249E18EB008FA3DC /* CommonConstants.swift */ = {isa = PBXFileReference; lastKnownFileType = sourcecode.swift; path = CommonConstants.swift; sourceTree = "<group>"; };
		1F7425E2249E18F3008FA3DC /* CommonMessageContants.swift */ = {isa = PBXFileReference; lastKnownFileType = sourcecode.swift; path = CommonMessageContants.swift; sourceTree = "<group>"; };
		1F7425E6249E1901008FA3DC /* UIImageNameConstants.swift */ = {isa = PBXFileReference; lastKnownFileType = sourcecode.swift; path = UIImageNameConstants.swift; sourceTree = "<group>"; };
		1F7425E8249E1954008FA3DC /* UIViewControllerExtension.swift */ = {isa = PBXFileReference; lastKnownFileType = sourcecode.swift; path = UIViewControllerExtension.swift; sourceTree = "<group>"; };
		1F7425EB249E2272008FA3DC /* ImageCollectionViewCell.swift */ = {isa = PBXFileReference; lastKnownFileType = sourcecode.swift; path = ImageCollectionViewCell.swift; sourceTree = "<group>"; };
		1F7425EC249E2272008FA3DC /* ImageCollectionViewCell.xib */ = {isa = PBXFileReference; lastKnownFileType = file.xib; path = ImageCollectionViewCell.xib; sourceTree = "<group>"; };
		1F7425EF249E234C008FA3DC /* UICollectionViewExtension.swift */ = {isa = PBXFileReference; lastKnownFileType = sourcecode.swift; path = UICollectionViewExtension.swift; sourceTree = "<group>"; };
		1F7425F1249E239C008FA3DC /* CommonExtensions.swift */ = {isa = PBXFileReference; lastKnownFileType = sourcecode.swift; path = CommonExtensions.swift; sourceTree = "<group>"; };
		1F76213E249E3BDE00B92E14 /* LoaderCollectionReusableView.swift */ = {isa = PBXFileReference; lastKnownFileType = sourcecode.swift; path = LoaderCollectionReusableView.swift; sourceTree = "<group>"; };
		1F762140249E3C5A00B92E14 /* ImageListViewModel.swift */ = {isa = PBXFileReference; lastKnownFileType = sourcecode.swift; path = ImageListViewModel.swift; sourceTree = "<group>"; };
		1F762142249E3CA500B92E14 /* ImageListModel.swift */ = {isa = PBXFileReference; lastKnownFileType = sourcecode.swift; path = ImageListModel.swift; sourceTree = "<group>"; };
		1F762144249E3EF000B92E14 /* ImageListViewContants.swift */ = {isa = PBXFileReference; lastKnownFileType = sourcecode.swift; path = ImageListViewContants.swift; sourceTree = "<group>"; };
		1F762147249E3F7E00B92E14 /* ImageListView+SearchBar.swift */ = {isa = PBXFileReference; lastKnownFileType = sourcecode.swift; path = "ImageListView+SearchBar.swift"; sourceTree = "<group>"; };
		1F762151249E7E1C00B92E14 /* APIHeader.swift */ = {isa = PBXFileReference; lastKnownFileType = sourcecode.swift; path = APIHeader.swift; sourceTree = "<group>"; };
		1F762153249E7E2B00B92E14 /* ParametersEncoding.swift */ = {isa = PBXFileReference; lastKnownFileType = sourcecode.swift; path = ParametersEncoding.swift; sourceTree = "<group>"; };
		1F762155249E7E6D00B92E14 /* ResponseStatusCode.swift */ = {isa = PBXFileReference; lastKnownFileType = sourcecode.swift; path = ResponseStatusCode.swift; sourceTree = "<group>"; };
		1F762157249E7E7500B92E14 /* HTTPMethod.swift */ = {isa = PBXFileReference; lastKnownFileType = sourcecode.swift; path = HTTPMethod.swift; sourceTree = "<group>"; };
		1F762159249E7E8000B92E14 /* Task.swift */ = {isa = PBXFileReference; lastKnownFileType = sourcecode.swift; path = Task.swift; sourceTree = "<group>"; };
		1F76215B249E7F2200B92E14 /* DictionaryExtension.swift */ = {isa = PBXFileReference; lastKnownFileType = sourcecode.swift; path = DictionaryExtension.swift; sourceTree = "<group>"; };
		1F76215E249E802C00B92E14 /* URLRequestExt.swift */ = {isa = PBXFileReference; lastKnownFileType = sourcecode.swift; path = URLRequestExt.swift; sourceTree = "<group>"; };
		1F762160249E803400B92E14 /* URLComponentsExt.swift */ = {isa = PBXFileReference; lastKnownFileType = sourcecode.swift; path = URLComponentsExt.swift; sourceTree = "<group>"; };
		1F762163249E805D00B92E14 /* ServiceProtocol.swift */ = {isa = PBXFileReference; lastKnownFileType = sourcecode.swift; path = ServiceProtocol.swift; sourceTree = "<group>"; };
		1F762165249E80AB00B92E14 /* ServerEndPoint.swift */ = {isa = PBXFileReference; lastKnownFileType = sourcecode.swift; path = ServerEndPoint.swift; sourceTree = "<group>"; };
		1F762167249E81BD00B92E14 /* ProviderProtocol.swift */ = {isa = PBXFileReference; lastKnownFileType = sourcecode.swift; path = ProviderProtocol.swift; sourceTree = "<group>"; };
		1F762169249E81D400B92E14 /* URLSessionProvider.swift */ = {isa = PBXFileReference; lastKnownFileType = sourcecode.swift; path = URLSessionProvider.swift; sourceTree = "<group>"; };
		1F76216D249F197F00B92E14 /* ImageListViewService.swift */ = {isa = PBXFileReference; lastKnownFileType = sourcecode.swift; path = ImageListViewService.swift; sourceTree = "<group>"; };
		1F76216F249F1D1800B92E14 /* ImageViewAPIRepository.swift */ = {isa = PBXFileReference; lastKnownFileType = sourcecode.swift; path = ImageViewAPIRepository.swift; sourceTree = "<group>"; };
		1F762173249F271B00B92E14 /* ImageManager.swift */ = {isa = PBXFileReference; lastKnownFileType = sourcecode.swift; path = ImageManager.swift; sourceTree = "<group>"; };
		1F762175249F502600B92E14 /* StringExtension.swift */ = {isa = PBXFileReference; lastKnownFileType = sourcecode.swift; path = StringExtension.swift; sourceTree = "<group>"; };
		1F762177249F554400B92E14 /* APIKeyConstants.swift */ = {isa = PBXFileReference; lastKnownFileType = sourcecode.swift; path = APIKeyConstants.swift; sourceTree = "<group>"; };
		1F76217D249F63BA00B92E14 /* AutoSuggestionViewController.swift */ = {isa = PBXFileReference; lastKnownFileType = sourcecode.swift; path = AutoSuggestionViewController.swift; sourceTree = "<group>"; };
		1F76217F249F63D100B92E14 /* AutoSugesstion+TableView.swift */ = {isa = PBXFileReference; lastKnownFileType = sourcecode.swift; path = "AutoSugesstion+TableView.swift"; sourceTree = "<group>"; };
		1F762181249F648200B92E14 /* AutoSuggestionTableViewCell.swift */ = {isa = PBXFileReference; lastKnownFileType = sourcecode.swift; path = AutoSuggestionTableViewCell.swift; sourceTree = "<group>"; };
		1F762182249F648200B92E14 /* AutoSuggestionTableViewCell.xib */ = {isa = PBXFileReference; lastKnownFileType = file.xib; path = AutoSuggestionTableViewCell.xib; sourceTree = "<group>"; };
		1F762187249F651000B92E14 /* AutoSuggestionViewModel.swift */ = {isa = PBXFileReference; lastKnownFileType = sourcecode.swift; path = AutoSuggestionViewModel.swift; sourceTree = "<group>"; };
		1F762189249F657B00B92E14 /* UITableIViewExtension.swift */ = {isa = PBXFileReference; lastKnownFileType = sourcecode.swift; path = UITableIViewExtension.swift; sourceTree = "<group>"; };
		1F76218B249F65D200B92E14 /* UITableViewCellExtension.swift */ = {isa = PBXFileReference; lastKnownFileType = sourcecode.swift; path = UITableViewCellExtension.swift; sourceTree = "<group>"; };
		1F76218D249F65E700B92E14 /* UICollectionReusableView.swift */ = {isa = PBXFileReference; lastKnownFileType = sourcecode.swift; path = UICollectionReusableView.swift; sourceTree = "<group>"; };
		1F762190249F68B100B92E14 /* AutoSuggestionModel.swift */ = {isa = PBXFileReference; lastKnownFileType = sourcecode.swift; path = AutoSuggestionModel.swift; sourceTree = "<group>"; };
		1F762192249F6FFD00B92E14 /* UserDeaultHandler.swift */ = {isa = PBXFileReference; lastKnownFileType = sourcecode.swift; name = UserDeaultHandler.swift; path = ImageLazyLoading/Modules/AutoSuggestion/Model/UserDeaultHandler.swift; sourceTree = SOURCE_ROOT; };
		1F762197249F898300B92E14 /* CommonNullView.swift */ = {isa = PBXFileReference; lastKnownFileType = sourcecode.swift; path = CommonNullView.swift; sourceTree = "<group>"; };
		1F762199249F898D00B92E14 /* CommonNullView.xib */ = {isa = PBXFileReference; lastKnownFileType = file.xib; path = CommonNullView.xib; sourceTree = "<group>"; };
/* End PBXFileReference section */

/* Begin PBXFrameworksBuildPhase section */
		1F742598249E16BE008FA3DC /* Frameworks */ = {
			isa = PBXFrameworksBuildPhase;
			buildActionMask = 2147483647;
			files = (
			);
			runOnlyForDeploymentPostprocessing = 0;
		};
		1F7425B1249E16C0008FA3DC /* Frameworks */ = {
			isa = PBXFrameworksBuildPhase;
			buildActionMask = 2147483647;
			files = (
			);
			runOnlyForDeploymentPostprocessing = 0;
		};
/* End PBXFrameworksBuildPhase section */

/* Begin PBXGroup section */
		1F742592249E16BE008FA3DC = {
			isa = PBXGroup;
			children = (
				1F74259D249E16BE008FA3DC /* ImageLazyLoading */,
				1F7425B7249E16C0008FA3DC /* ImageLazyLoadingTests */,
				1F74259C249E16BE008FA3DC /* Products */,
			);
			sourceTree = "<group>";
		};
		1F74259C249E16BE008FA3DC /* Products */ = {
			isa = PBXGroup;
			children = (
				1F74259B249E16BE008FA3DC /* ImageLazyLoading.app */,
				1F7425B4249E16C0008FA3DC /* ImageLazyLoadingTests.xctest */,
			);
			name = Products;
			sourceTree = "<group>";
		};
		1F74259D249E16BE008FA3DC /* ImageLazyLoading */ = {
			isa = PBXGroup;
			children = (
				1F76214D249E751700B92E14 /* NetworkHandler */,
				1F7425C5249E174B008FA3DC /* BaseViewController */,
				1F762194249F88F400B92E14 /* NullView */,
				1F7425C4249E1744008FA3DC /* Modules */,
				1F7425C3249E1727008FA3DC /* AppDelegate */,
				1F7425D6249E1862008FA3DC /* Handlers */,
				1F7425D7249E189F008FA3DC /* Constants */,
				1F7425D8249E18BD008FA3DC /* Extensions */,
				1F7425D9249E18C4008FA3DC /* Utilities */,
				1F7425AA249E16C0008FA3DC /* Assets.xcassets */,
				1F7425AC249E16C0008FA3DC /* LaunchScreen.storyboard */,
				1F7425AF249E16C0008FA3DC /* Info.plist */,
				1F7425A7249E16BE008FA3DC /* ImageLazyLoading.xcdatamodeld */,
			);
			path = ImageLazyLoading;
			sourceTree = "<group>";
		};
		1F7425B7249E16C0008FA3DC /* ImageLazyLoadingTests */ = {
			isa = PBXGroup;
			children = (
				1F7425B8249E16C0008FA3DC /* ImageLazyLoadingTests.swift */,
				1F7425BA249E16C0008FA3DC /* Info.plist */,
			);
			path = ImageLazyLoadingTests;
			sourceTree = "<group>";
		};
		1F7425C3249E1727008FA3DC /* AppDelegate */ = {
			isa = PBXGroup;
			children = (
				1F74259E249E16BE008FA3DC /* AppDelegate.swift */,
				1F7425A0249E16BE008FA3DC /* SceneDelegate.swift */,
			);
			path = AppDelegate;
			sourceTree = "<group>";
		};
		1F7425C4249E1744008FA3DC /* Modules */ = {
			isa = PBXGroup;
			children = (
				1F7425EA249E1C0A008FA3DC /* Storyboard */,
				1F762179249F62F500B92E14 /* AutoSuggestion */,
				1F7425C6249E1752008FA3DC /* ImageListView */,
			);
			path = Modules;
			sourceTree = "<group>";
		};
		1F7425C5249E174B008FA3DC /* BaseViewController */ = {
			isa = PBXGroup;
			children = (
				1F7425C9249E1786008FA3DC /* BaseViewController.swift */,
			);
			path = BaseViewController;
			sourceTree = "<group>";
		};
		1F7425C6249E1752008FA3DC /* ImageListView */ = {
			isa = PBXGroup;
			children = (
				1F76216C249F196C00B92E14 /* APIRepository */,
				1F762146249E3F3800B92E14 /* Constant */,
				1F7425CE249E179A008FA3DC /* Controller */,
				1F7425CD249E1795008FA3DC /* ViewModel */,
				1F7425CC249E1791008FA3DC /* Model */,
				1F7425CB249E178A008FA3DC /* Views */,
			);
			path = ImageListView;
			sourceTree = "<group>";
		};
		1F7425CB249E178A008FA3DC /* Views */ = {
			isa = PBXGroup;
			children = (
				1F76213E249E3BDE00B92E14 /* LoaderCollectionReusableView.swift */,
				1F7425EB249E2272008FA3DC /* ImageCollectionViewCell.swift */,
				1F7425EC249E2272008FA3DC /* ImageCollectionViewCell.xib */,
			);
			path = Views;
			sourceTree = "<group>";
		};
		1F7425CC249E1791008FA3DC /* Model */ = {
			isa = PBXGroup;
			children = (
				1F762142249E3CA500B92E14 /* ImageListModel.swift */,
			);
			path = Model;
			sourceTree = "<group>";
		};
		1F7425CD249E1795008FA3DC /* ViewModel */ = {
			isa = PBXGroup;
			children = (
				1F762140249E3C5A00B92E14 /* ImageListViewModel.swift */,
			);
			path = ViewModel;
			sourceTree = "<group>";
		};
		1F7425CE249E179A008FA3DC /* Controller */ = {
			isa = PBXGroup;
			children = (
				1F7425CF249E181F008FA3DC /* ImageListViewController.swift */,
				1F7425D1249E182E008FA3DC /* ImageListView+CollectionView.swift */,
				1F762147249E3F7E00B92E14 /* ImageListView+SearchBar.swift */,
			);
			path = Controller;
			sourceTree = "<group>";
		};
		1F7425D6249E1862008FA3DC /* Handlers */ = {
			isa = PBXGroup;
			children = (
				1F762192249F6FFD00B92E14 /* UserDeaultHandler.swift */,
			);
			path = Handlers;
			sourceTree = "<group>";
		};
		1F7425D7249E189F008FA3DC /* Constants */ = {
			isa = PBXGroup;
			children = (
				1F7425DA249E18D2008FA3DC /* GlobalEnums.swift */,
				1F7425DC249E18DA008FA3DC /* ErrorMessageConstants.swift */,
				1F7425DE249E18E2008FA3DC /* CommonErrorContsants.swift */,
				1F7425E0249E18EB008FA3DC /* CommonConstants.swift */,
				1F7425E2249E18F3008FA3DC /* CommonMessageContants.swift */,
				1F7425E6249E1901008FA3DC /* UIImageNameConstants.swift */,
			);
			path = Constants;
			sourceTree = "<group>";
		};
		1F7425D8249E18BD008FA3DC /* Extensions */ = {
			isa = PBXGroup;
			children = (
				1F7425E8249E1954008FA3DC /* UIViewControllerExtension.swift */,
				1F7425EF249E234C008FA3DC /* UICollectionViewExtension.swift */,
				1F7425F1249E239C008FA3DC /* CommonExtensions.swift */,
				1F76215B249E7F2200B92E14 /* DictionaryExtension.swift */,
				1F762175249F502600B92E14 /* StringExtension.swift */,
				1F762189249F657B00B92E14 /* UITableIViewExtension.swift */,
				1F76218B249F65D200B92E14 /* UITableViewCellExtension.swift */,
				1F76218D249F65E700B92E14 /* UICollectionReusableView.swift */,
			);
			path = Extensions;
			sourceTree = "<group>";
		};
		1F7425D9249E18C4008FA3DC /* Utilities */ = {
			isa = PBXGroup;
			children = (
			);
			path = Utilities;
			sourceTree = "<group>";
		};
		1F7425EA249E1C0A008FA3DC /* Storyboard */ = {
			isa = PBXGroup;
			children = (
				1F7425C7249E1772008FA3DC /* ImageListView.storyboard */,
			);
			path = Storyboard;
			sourceTree = "<group>";
		};
		1F762146249E3F3800B92E14 /* Constant */ = {
			isa = PBXGroup;
			children = (
				1F762144249E3EF000B92E14 /* ImageListViewContants.swift */,
			);
			path = Constant;
			sourceTree = "<group>";
		};
		1F76214D249E751700B92E14 /* NetworkHandler */ = {
			isa = PBXGroup;
			children = (
				1F762172249F270F00B92E14 /* ImageManager */,
				1F762171249F1E2A00B92E14 /* EndPoints */,
				1F76216B249E81F800B92E14 /* Provider */,
				1F762162249E805100B92E14 /* Protocol */,
				1F76215D249E802000B92E14 /* Extension */,
				1F762150249E7E1300B92E14 /* Enums */,
				1F762165249E80AB00B92E14 /* ServerEndPoint.swift */,
				1F762177249F554400B92E14 /* APIKeyConstants.swift */,
			);
			path = NetworkHandler;
			sourceTree = "<group>";
		};
		1F762150249E7E1300B92E14 /* Enums */ = {
			isa = PBXGroup;
			children = (
				1F762151249E7E1C00B92E14 /* APIHeader.swift */,
				1F762153249E7E2B00B92E14 /* ParametersEncoding.swift */,
				1F762155249E7E6D00B92E14 /* ResponseStatusCode.swift */,
				1F762157249E7E7500B92E14 /* HTTPMethod.swift */,
				1F762159249E7E8000B92E14 /* Task.swift */,
			);
			path = Enums;
			sourceTree = "<group>";
		};
		1F76215D249E802000B92E14 /* Extension */ = {
			isa = PBXGroup;
			children = (
				1F76215E249E802C00B92E14 /* URLRequestExt.swift */,
				1F762160249E803400B92E14 /* URLComponentsExt.swift */,
			);
			path = Extension;
			sourceTree = "<group>";
		};
		1F762162249E805100B92E14 /* Protocol */ = {
			isa = PBXGroup;
			children = (
				1F762163249E805D00B92E14 /* ServiceProtocol.swift */,
				1F762167249E81BD00B92E14 /* ProviderProtocol.swift */,
			);
			path = Protocol;
			sourceTree = "<group>";
		};
		1F76216B249E81F800B92E14 /* Provider */ = {
			isa = PBXGroup;
			children = (
				1F762169249E81D400B92E14 /* URLSessionProvider.swift */,
			);
			path = Provider;
			sourceTree = "<group>";
		};
		1F76216C249F196C00B92E14 /* APIRepository */ = {
			isa = PBXGroup;
			children = (
				1F76216D249F197F00B92E14 /* ImageListViewService.swift */,
				1F76216F249F1D1800B92E14 /* ImageViewAPIRepository.swift */,
			);
			path = APIRepository;
			sourceTree = "<group>";
		};
		1F762171249F1E2A00B92E14 /* EndPoints */ = {
			isa = PBXGroup;
			children = (
			);
			path = EndPoints;
			sourceTree = "<group>";
		};
		1F762172249F270F00B92E14 /* ImageManager */ = {
			isa = PBXGroup;
			children = (
				1F762173249F271B00B92E14 /* ImageManager.swift */,
			);
			path = ImageManager;
			sourceTree = "<group>";
		};
		1F762179249F62F500B92E14 /* AutoSuggestion */ = {
			isa = PBXGroup;
			children = (
				1F76218F249F68A400B92E14 /* Model */,
				1F76217C249F63A000B92E14 /* ViewModel */,
				1F76217B249F639600B92E14 /* View */,
				1F76217A249F638F00B92E14 /* Controller */,
			);
			path = AutoSuggestion;
			sourceTree = "<group>";
		};
		1F76217A249F638F00B92E14 /* Controller */ = {
			isa = PBXGroup;
			children = (
				1F76217D249F63BA00B92E14 /* AutoSuggestionViewController.swift */,
				1F76217F249F63D100B92E14 /* AutoSugesstion+TableView.swift */,
			);
			path = Controller;
			sourceTree = "<group>";
		};
		1F76217B249F639600B92E14 /* View */ = {
			isa = PBXGroup;
			children = (
				1F762181249F648200B92E14 /* AutoSuggestionTableViewCell.swift */,
				1F762182249F648200B92E14 /* AutoSuggestionTableViewCell.xib */,
			);
			path = View;
			sourceTree = "<group>";
		};
		1F76217C249F63A000B92E14 /* ViewModel */ = {
			isa = PBXGroup;
			children = (
				1F762187249F651000B92E14 /* AutoSuggestionViewModel.swift */,
			);
			path = ViewModel;
			sourceTree = "<group>";
		};
		1F76218F249F68A400B92E14 /* Model */ = {
			isa = PBXGroup;
			children = (
				1F762190249F68B100B92E14 /* AutoSuggestionModel.swift */,
			);
			path = Model;
			sourceTree = "<group>";
		};
		1F762194249F88F400B92E14 /* NullView */ = {
			isa = PBXGroup;
			children = (
				1F762196249F891A00B92E14 /* View */,
				1F762195249F891200B92E14 /* Contants */,
			);
			path = NullView;
			sourceTree = "<group>";
		};
		1F762195249F891200B92E14 /* Contants */ = {
			isa = PBXGroup;
			children = (
			);
			path = Contants;
			sourceTree = "<group>";
		};
		1F762196249F891A00B92E14 /* View */ = {
			isa = PBXGroup;
			children = (
				1F762197249F898300B92E14 /* CommonNullView.swift */,
				1F762199249F898D00B92E14 /* CommonNullView.xib */,
			);
			name = View;
			sourceTree = "<group>";
		};
/* End PBXGroup section */

/* Begin PBXNativeTarget section */
		1F74259A249E16BE008FA3DC /* ImageLazyLoading */ = {
			isa = PBXNativeTarget;
			buildConfigurationList = 1F7425BD249E16C0008FA3DC /* Build configuration list for PBXNativeTarget "ImageLazyLoading" */;
			buildPhases = (
				1F742597249E16BE008FA3DC /* Sources */,
				1F742598249E16BE008FA3DC /* Frameworks */,
				1F742599249E16BE008FA3DC /* Resources */,
			);
			buildRules = (
			);
			dependencies = (
			);
			name = ImageLazyLoading;
			productName = ImageLazyLoading;
			productReference = 1F74259B249E16BE008FA3DC /* ImageLazyLoading.app */;
			productType = "com.apple.product-type.application";
		};
		1F7425B3249E16C0008FA3DC /* ImageLazyLoadingTests */ = {
			isa = PBXNativeTarget;
			buildConfigurationList = 1F7425C0249E16C0008FA3DC /* Build configuration list for PBXNativeTarget "ImageLazyLoadingTests" */;
			buildPhases = (
				1F7425B0249E16C0008FA3DC /* Sources */,
				1F7425B1249E16C0008FA3DC /* Frameworks */,
				1F7425B2249E16C0008FA3DC /* Resources */,
			);
			buildRules = (
			);
			dependencies = (
				1F7425B6249E16C0008FA3DC /* PBXTargetDependency */,
			);
			name = ImageLazyLoadingTests;
			productName = ImageLazyLoadingTests;
			productReference = 1F7425B4249E16C0008FA3DC /* ImageLazyLoadingTests.xctest */;
			productType = "com.apple.product-type.bundle.unit-test";
		};
/* End PBXNativeTarget section */

/* Begin PBXProject section */
		1F742593249E16BE008FA3DC /* Project object */ = {
			isa = PBXProject;
			attributes = {
				LastSwiftUpdateCheck = 1130;
				LastUpgradeCheck = 1130;
				ORGANIZATIONNAME = AmanGupta;
				TargetAttributes = {
					1F74259A249E16BE008FA3DC = {
						CreatedOnToolsVersion = 11.3.1;
					};
					1F7425B3249E16C0008FA3DC = {
						CreatedOnToolsVersion = 11.3.1;
						TestTargetID = 1F74259A249E16BE008FA3DC;
					};
				};
			};
			buildConfigurationList = 1F742596249E16BE008FA3DC /* Build configuration list for PBXProject "ImageLazyLoading" */;
			compatibilityVersion = "Xcode 9.3";
			developmentRegion = en;
			hasScannedForEncodings = 0;
			knownRegions = (
				en,
				Base,
			);
			mainGroup = 1F742592249E16BE008FA3DC;
			productRefGroup = 1F74259C249E16BE008FA3DC /* Products */;
			projectDirPath = "";
			projectRoot = "";
			targets = (
				1F74259A249E16BE008FA3DC /* ImageLazyLoading */,
				1F7425B3249E16C0008FA3DC /* ImageLazyLoadingTests */,
			);
		};
/* End PBXProject section */

/* Begin PBXResourcesBuildPhase section */
		1F742599249E16BE008FA3DC /* Resources */ = {
			isa = PBXResourcesBuildPhase;
			buildActionMask = 2147483647;
			files = (
				1F7425AE249E16C0008FA3DC /* LaunchScreen.storyboard in Resources */,
				1F7425C8249E1772008FA3DC /* ImageListView.storyboard in Resources */,
				1F7425EE249E2272008FA3DC /* ImageCollectionViewCell.xib in Resources */,
				1F762184249F648200B92E14 /* AutoSuggestionTableViewCell.xib in Resources */,
				1F7425AB249E16C0008FA3DC /* Assets.xcassets in Resources */,
				1F76219A249F898D00B92E14 /* CommonNullView.xib in Resources */,
			);
			runOnlyForDeploymentPostprocessing = 0;
		};
		1F7425B2249E16C0008FA3DC /* Resources */ = {
			isa = PBXResourcesBuildPhase;
			buildActionMask = 2147483647;
			files = (
			);
			runOnlyForDeploymentPostprocessing = 0;
		};
/* End PBXResourcesBuildPhase section */

/* Begin PBXSourcesBuildPhase section */
		1F742597249E16BE008FA3DC /* Sources */ = {
			isa = PBXSourcesBuildPhase;
			buildActionMask = 2147483647;
			files = (
				1F762141249E3C5A00B92E14 /* ImageListViewModel.swift in Sources */,
				1F76215F249E802C00B92E14 /* URLRequestExt.swift in Sources */,
				1F76216E249F197F00B92E14 /* ImageListViewService.swift in Sources */,
				1F762176249F502700B92E14 /* StringExtension.swift in Sources */,
				1F762191249F68B100B92E14 /* AutoSuggestionModel.swift in Sources */,
				1F762178249F554400B92E14 /* APIKeyConstants.swift in Sources */,
				1F762174249F271B00B92E14 /* ImageManager.swift in Sources */,
				1F7425D0249E181F008FA3DC /* ImageListViewController.swift in Sources */,
				1F762145249E3EF000B92E14 /* ImageListViewContants.swift in Sources */,
				1F7425E7249E1901008FA3DC /* UIImageNameConstants.swift in Sources */,
				1F7425E3249E18F3008FA3DC /* CommonMessageContants.swift in Sources */,
				1F762166249E80AB00B92E14 /* ServerEndPoint.swift in Sources */,
				1F7425DF249E18E2008FA3DC /* CommonErrorContsants.swift in Sources */,
				1F7425F0249E234C008FA3DC /* UICollectionViewExtension.swift in Sources */,
				1F76218A249F657B00B92E14 /* UITableIViewExtension.swift in Sources */,
				1F7425CA249E1786008FA3DC /* BaseViewController.swift in Sources */,
				1F762168249E81BD00B92E14 /* ProviderProtocol.swift in Sources */,
				1F7425DD249E18DA008FA3DC /* ErrorMessageConstants.swift in Sources */,
				1F762158249E7E7500B92E14 /* HTTPMethod.swift in Sources */,
				1F7425D2249E182E008FA3DC /* ImageListView+CollectionView.swift in Sources */,
				1F762183249F648200B92E14 /* AutoSuggestionTableViewCell.swift in Sources */,
				1F762156249E7E6D00B92E14 /* ResponseStatusCode.swift in Sources */,
				1F762152249E7E1C00B92E14 /* APIHeader.swift in Sources */,
				1F762180249F63D100B92E14 /* AutoSugesstion+TableView.swift in Sources */,
				1F762161249E803400B92E14 /* URLComponentsExt.swift in Sources */,
				1F762193249F6FFD00B92E14 /* UserDeaultHandler.swift in Sources */,
				1F76217E249F63BA00B92E14 /* AutoSuggestionViewController.swift in Sources */,
				1F74259F249E16BE008FA3DC /* AppDelegate.swift in Sources */,
				1F762148249E3F7E00B92E14 /* ImageListView+SearchBar.swift in Sources */,
				1F7425E1249E18EB008FA3DC /* CommonConstants.swift in Sources */,
				1F762188249F651000B92E14 /* AutoSuggestionViewModel.swift in Sources */,
				1F7425F2249E239C008FA3DC /* CommonExtensions.swift in Sources */,
				1F7425E9249E1954008FA3DC /* UIViewControllerExtension.swift in Sources */,
				1F76215C249E7F2200B92E14 /* DictionaryExtension.swift in Sources */,
				1F7425ED249E2272008FA3DC /* ImageCollectionViewCell.swift in Sources */,
				1F7425A9249E16BE008FA3DC /* ImageLazyLoading.xcdatamodeld in Sources */,
				1F7425DB249E18D2008FA3DC /* GlobalEnums.swift in Sources */,
				1F7425A1249E16BE008FA3DC /* SceneDelegate.swift in Sources */,
				1F762143249E3CA500B92E14 /* ImageListModel.swift in Sources */,
				1F76216A249E81D400B92E14 /* URLSessionProvider.swift in Sources */,
				1F762154249E7E2B00B92E14 /* ParametersEncoding.swift in Sources */,
				1F762170249F1D1800B92E14 /* ImageViewAPIRepository.swift in Sources */,
				1F762164249E805D00B92E14 /* ServiceProtocol.swift in Sources */,
				1F762198249F898300B92E14 /* CommonNullView.swift in Sources */,
				1F76218E249F65E700B92E14 /* UICollectionReusableView.swift in Sources */,
				1F76215A249E7E8000B92E14 /* Task.swift in Sources */,
				1F76213F249E3BDE00B92E14 /* LoaderCollectionReusableView.swift in Sources */,
				1F76218C249F65D200B92E14 /* UITableViewCellExtension.swift in Sources */,
			);
			runOnlyForDeploymentPostprocessing = 0;
		};
		1F7425B0249E16C0008FA3DC /* Sources */ = {
			isa = PBXSourcesBuildPhase;
			buildActionMask = 2147483647;
			files = (
				1F7425B9249E16C0008FA3DC /* ImageLazyLoadingTests.swift in Sources */,
			);
			runOnlyForDeploymentPostprocessing = 0;
		};
/* End PBXSourcesBuildPhase section */

/* Begin PBXTargetDependency section */
		1F7425B6249E16C0008FA3DC /* PBXTargetDependency */ = {
			isa = PBXTargetDependency;
			target = 1F74259A249E16BE008FA3DC /* ImageLazyLoading */;
			targetProxy = 1F7425B5249E16C0008FA3DC /* PBXContainerItemProxy */;
		};
/* End PBXTargetDependency section */

/* Begin PBXVariantGroup section */
		1F7425AC249E16C0008FA3DC /* LaunchScreen.storyboard */ = {
			isa = PBXVariantGroup;
			children = (
				1F7425AD249E16C0008FA3DC /* Base */,
			);
			name = LaunchScreen.storyboard;
			sourceTree = "<group>";
		};
/* End PBXVariantGroup section */

/* Begin XCBuildConfiguration section */
		1F7425BB249E16C0008FA3DC /* Debug */ = {
			isa = XCBuildConfiguration;
			buildSettings = {
				ALWAYS_SEARCH_USER_PATHS = NO;
				CLANG_ANALYZER_NONNULL = YES;
				CLANG_ANALYZER_NUMBER_OBJECT_CONVERSION = YES_AGGRESSIVE;
				CLANG_CXX_LANGUAGE_STANDARD = "gnu++14";
				CLANG_CXX_LIBRARY = "libc++";
				CLANG_ENABLE_MODULES = YES;
				CLANG_ENABLE_OBJC_ARC = YES;
				CLANG_ENABLE_OBJC_WEAK = YES;
				CLANG_WARN_BLOCK_CAPTURE_AUTORELEASING = YES;
				CLANG_WARN_BOOL_CONVERSION = YES;
				CLANG_WARN_COMMA = YES;
				CLANG_WARN_CONSTANT_CONVERSION = YES;
				CLANG_WARN_DEPRECATED_OBJC_IMPLEMENTATIONS = YES;
				CLANG_WARN_DIRECT_OBJC_ISA_USAGE = YES_ERROR;
				CLANG_WARN_DOCUMENTATION_COMMENTS = YES;
				CLANG_WARN_EMPTY_BODY = YES;
				CLANG_WARN_ENUM_CONVERSION = YES;
				CLANG_WARN_INFINITE_RECURSION = YES;
				CLANG_WARN_INT_CONVERSION = YES;
				CLANG_WARN_NON_LITERAL_NULL_CONVERSION = YES;
				CLANG_WARN_OBJC_IMPLICIT_RETAIN_SELF = YES;
				CLANG_WARN_OBJC_LITERAL_CONVERSION = YES;
				CLANG_WARN_OBJC_ROOT_CLASS = YES_ERROR;
				CLANG_WARN_RANGE_LOOP_ANALYSIS = YES;
				CLANG_WARN_STRICT_PROTOTYPES = YES;
				CLANG_WARN_SUSPICIOUS_MOVE = YES;
				CLANG_WARN_UNGUARDED_AVAILABILITY = YES_AGGRESSIVE;
				CLANG_WARN_UNREACHABLE_CODE = YES;
				CLANG_WARN__DUPLICATE_METHOD_MATCH = YES;
				COPY_PHASE_STRIP = NO;
				DEBUG_INFORMATION_FORMAT = dwarf;
				ENABLE_STRICT_OBJC_MSGSEND = YES;
				ENABLE_TESTABILITY = YES;
				GCC_C_LANGUAGE_STANDARD = gnu11;
				GCC_DYNAMIC_NO_PIC = NO;
				GCC_NO_COMMON_BLOCKS = YES;
				GCC_OPTIMIZATION_LEVEL = 0;
				GCC_PREPROCESSOR_DEFINITIONS = (
					"DEBUG=1",
					"$(inherited)",
				);
				GCC_WARN_64_TO_32_BIT_CONVERSION = YES;
				GCC_WARN_ABOUT_RETURN_TYPE = YES_ERROR;
				GCC_WARN_UNDECLARED_SELECTOR = YES;
				GCC_WARN_UNINITIALIZED_AUTOS = YES_AGGRESSIVE;
				GCC_WARN_UNUSED_FUNCTION = YES;
				GCC_WARN_UNUSED_VARIABLE = YES;
				IPHONEOS_DEPLOYMENT_TARGET = 13.2;
				MTL_ENABLE_DEBUG_INFO = INCLUDE_SOURCE;
				MTL_FAST_MATH = YES;
				ONLY_ACTIVE_ARCH = YES;
				SDKROOT = iphoneos;
				SWIFT_ACTIVE_COMPILATION_CONDITIONS = DEBUG;
				SWIFT_OPTIMIZATION_LEVEL = "-Onone";
			};
			name = Debug;
		};
		1F7425BC249E16C0008FA3DC /* Release */ = {
			isa = XCBuildConfiguration;
			buildSettings = {
				ALWAYS_SEARCH_USER_PATHS = NO;
				CLANG_ANALYZER_NONNULL = YES;
				CLANG_ANALYZER_NUMBER_OBJECT_CONVERSION = YES_AGGRESSIVE;
				CLANG_CXX_LANGUAGE_STANDARD = "gnu++14";
				CLANG_CXX_LIBRARY = "libc++";
				CLANG_ENABLE_MODULES = YES;
				CLANG_ENABLE_OBJC_ARC = YES;
				CLANG_ENABLE_OBJC_WEAK = YES;
				CLANG_WARN_BLOCK_CAPTURE_AUTORELEASING = YES;
				CLANG_WARN_BOOL_CONVERSION = YES;
				CLANG_WARN_COMMA = YES;
				CLANG_WARN_CONSTANT_CONVERSION = YES;
				CLANG_WARN_DEPRECATED_OBJC_IMPLEMENTATIONS = YES;
				CLANG_WARN_DIRECT_OBJC_ISA_USAGE = YES_ERROR;
				CLANG_WARN_DOCUMENTATION_COMMENTS = YES;
				CLANG_WARN_EMPTY_BODY = YES;
				CLANG_WARN_ENUM_CONVERSION = YES;
				CLANG_WARN_INFINITE_RECURSION = YES;
				CLANG_WARN_INT_CONVERSION = YES;
				CLANG_WARN_NON_LITERAL_NULL_CONVERSION = YES;
				CLANG_WARN_OBJC_IMPLICIT_RETAIN_SELF = YES;
				CLANG_WARN_OBJC_LITERAL_CONVERSION = YES;
				CLANG_WARN_OBJC_ROOT_CLASS = YES_ERROR;
				CLANG_WARN_RANGE_LOOP_ANALYSIS = YES;
				CLANG_WARN_STRICT_PROTOTYPES = YES;
				CLANG_WARN_SUSPICIOUS_MOVE = YES;
				CLANG_WARN_UNGUARDED_AVAILABILITY = YES_AGGRESSIVE;
				CLANG_WARN_UNREACHABLE_CODE = YES;
				CLANG_WARN__DUPLICATE_METHOD_MATCH = YES;
				COPY_PHASE_STRIP = NO;
				DEBUG_INFORMATION_FORMAT = "dwarf-with-dsym";
				ENABLE_NS_ASSERTIONS = NO;
				ENABLE_STRICT_OBJC_MSGSEND = YES;
				GCC_C_LANGUAGE_STANDARD = gnu11;
				GCC_NO_COMMON_BLOCKS = YES;
				GCC_WARN_64_TO_32_BIT_CONVERSION = YES;
				GCC_WARN_ABOUT_RETURN_TYPE = YES_ERROR;
				GCC_WARN_UNDECLARED_SELECTOR = YES;
				GCC_WARN_UNINITIALIZED_AUTOS = YES_AGGRESSIVE;
				GCC_WARN_UNUSED_FUNCTION = YES;
				GCC_WARN_UNUSED_VARIABLE = YES;
				IPHONEOS_DEPLOYMENT_TARGET = 13.2;
				MTL_ENABLE_DEBUG_INFO = NO;
				MTL_FAST_MATH = YES;
				SDKROOT = iphoneos;
				SWIFT_COMPILATION_MODE = wholemodule;
				SWIFT_OPTIMIZATION_LEVEL = "-O";
				VALIDATE_PRODUCT = YES;
			};
			name = Release;
		};
		1F7425BE249E16C0008FA3DC /* Debug */ = {
			isa = XCBuildConfiguration;
			buildSettings = {
				ASSETCATALOG_COMPILER_APPICON_NAME = AppIcon;
				CODE_SIGN_STYLE = Automatic;
				INFOPLIST_FILE = ImageLazyLoading/Info.plist;
				LD_RUNPATH_SEARCH_PATHS = (
					"$(inherited)",
					"@executable_path/Frameworks",
				);
				PRODUCT_BUNDLE_IDENTIFIER = com.amangupta.ImageLazyLoading;
				PRODUCT_NAME = "$(TARGET_NAME)";
				SWIFT_VERSION = 5.0;
				TARGETED_DEVICE_FAMILY = "1,2";
			};
			name = Debug;
		};
		1F7425BF249E16C0008FA3DC /* Release */ = {
			isa = XCBuildConfiguration;
			buildSettings = {
				ASSETCATALOG_COMPILER_APPICON_NAME = AppIcon;
				CODE_SIGN_STYLE = Automatic;
				INFOPLIST_FILE = ImageLazyLoading/Info.plist;
				LD_RUNPATH_SEARCH_PATHS = (
					"$(inherited)",
					"@executable_path/Frameworks",
				);
				PRODUCT_BUNDLE_IDENTIFIER = com.amangupta.ImageLazyLoading;
				PRODUCT_NAME = "$(TARGET_NAME)";
				SWIFT_VERSION = 5.0;
				TARGETED_DEVICE_FAMILY = "1,2";
			};
			name = Release;
		};
		1F7425C1249E16C0008FA3DC /* Debug */ = {
			isa = XCBuildConfiguration;
			buildSettings = {
				ALWAYS_EMBED_SWIFT_STANDARD_LIBRARIES = YES;
				BUNDLE_LOADER = "$(TEST_HOST)";
				CODE_SIGN_STYLE = Automatic;
				INFOPLIST_FILE = ImageLazyLoadingTests/Info.plist;
				IPHONEOS_DEPLOYMENT_TARGET = 13.2;
				LD_RUNPATH_SEARCH_PATHS = (
					"$(inherited)",
					"@executable_path/Frameworks",
					"@loader_path/Frameworks",
				);
				PRODUCT_BUNDLE_IDENTIFIER = com.amangupta.ImageLazyLoadingTests;
				PRODUCT_NAME = "$(TARGET_NAME)";
				SWIFT_VERSION = 5.0;
				TARGETED_DEVICE_FAMILY = "1,2";
				TEST_HOST = "$(BUILT_PRODUCTS_DIR)/ImageLazyLoading.app/ImageLazyLoading";
			};
			name = Debug;
		};
		1F7425C2249E16C0008FA3DC /* Release */ = {
			isa = XCBuildConfiguration;
			buildSettings = {
				ALWAYS_EMBED_SWIFT_STANDARD_LIBRARIES = YES;
				BUNDLE_LOADER = "$(TEST_HOST)";
				CODE_SIGN_STYLE = Automatic;
				INFOPLIST_FILE = ImageLazyLoadingTests/Info.plist;
				IPHONEOS_DEPLOYMENT_TARGET = 13.2;
				LD_RUNPATH_SEARCH_PATHS = (
					"$(inherited)",
					"@executable_path/Frameworks",
					"@loader_path/Frameworks",
				);
				PRODUCT_BUNDLE_IDENTIFIER = com.amangupta.ImageLazyLoadingTests;
				PRODUCT_NAME = "$(TARGET_NAME)";
				SWIFT_VERSION = 5.0;
				TARGETED_DEVICE_FAMILY = "1,2";
				TEST_HOST = "$(BUILT_PRODUCTS_DIR)/ImageLazyLoading.app/ImageLazyLoading";
			};
			name = Release;
		};
/* End XCBuildConfiguration section */

/* Begin XCConfigurationList section */
		1F742596249E16BE008FA3DC /* Build configuration list for PBXProject "ImageLazyLoading" */ = {
			isa = XCConfigurationList;
			buildConfigurations = (
				1F7425BB249E16C0008FA3DC /* Debug */,
				1F7425BC249E16C0008FA3DC /* Release */,
			);
			defaultConfigurationIsVisible = 0;
			defaultConfigurationName = Release;
		};
		1F7425BD249E16C0008FA3DC /* Build configuration list for PBXNativeTarget "ImageLazyLoading" */ = {
			isa = XCConfigurationList;
			buildConfigurations = (
				1F7425BE249E16C0008FA3DC /* Debug */,
				1F7425BF249E16C0008FA3DC /* Release */,
			);
			defaultConfigurationIsVisible = 0;
			defaultConfigurationName = Release;
		};
		1F7425C0249E16C0008FA3DC /* Build configuration list for PBXNativeTarget "ImageLazyLoadingTests" */ = {
			isa = XCConfigurationList;
			buildConfigurations = (
				1F7425C1249E16C0008FA3DC /* Debug */,
				1F7425C2249E16C0008FA3DC /* Release */,
			);
			defaultConfigurationIsVisible = 0;
			defaultConfigurationName = Release;
		};
/* End XCConfigurationList section */

/* Begin XCVersionGroup section */
		1F7425A7249E16BE008FA3DC /* ImageLazyLoading.xcdatamodeld */ = {
			isa = XCVersionGroup;
			children = (
				1F7425A8249E16BE008FA3DC /* ImageLazyLoading.xcdatamodel */,
			);
			currentVersion = 1F7425A8249E16BE008FA3DC /* ImageLazyLoading.xcdatamodel */;
			path = ImageLazyLoading.xcdatamodeld;
			sourceTree = "<group>";
			versionGroupType = wrapper.xcdatamodel;
		};
/* End XCVersionGroup section */
	};
	rootObject = 1F742593249E16BE008FA3DC /* Project object */;
}
